<?xml version="1.0" encoding="utf-8"?>
<Project ToolsVersion="4.0" xmlns="http://schemas.microsoft.com/developer/msbuild/2003">
  <ItemGroup>
    <Filter Include="99. Headers">
      <UniqueIdentifier>{ae5346ed-7a9d-4d16-963e-84feb79be5d9}</UniqueIdentifier>
    </Filter>
    <Filter Include="Renderer">
      <UniqueIdentifier>{d435c9d3-4bc1-472d-8c30-fa7a98ac9ff2}</UniqueIdentifier>
    </Filter>
    <Filter Include="Collider">
      <UniqueIdentifier>{82b16f42-c26b-4301-aeee-7f1472494dc4}</UniqueIdentifier>
    </Filter>
  </ItemGroup>
  <ItemGroup>
    <ClInclude Include="Component.h" />
    <ClInclude Include="GameApp.h" />
    <ClInclude Include="GameObject.h" />
    <ClInclude Include="Resource.h" />
    <ClInclude Include="World.h" />
    <ClInclude Include="WorldManager.h" />
    <ClInclude Include="pch.h">
      <Filter>99. Headers</Filter>
    </ClInclude>
    <ClInclude Include="framework.h">
      <Filter>99. Headers</Filter>
    </ClInclude>
    <ClInclude Include="Scene.h" />
    <ClInclude Include="D2DRenderer.h">
      <Filter>Renderer</Filter>
    </ClInclude>
    <ClInclude Include="AABB.h">
      <Filter>Collider</Filter>
    </ClInclude>
  </ItemGroup>
  <ItemGroup>
    <ClCompile Include="Component.cpp" />
    <ClCompile Include="Engine.cpp" />
    <ClCompile Include="GameApp.cpp" />
    <ClCompile Include="GameObject.cpp" />
    <ClCompile Include="World.cpp" />
    <ClCompile Include="WorldManager.cpp" />
    <ClCompile Include="pch.cpp">
      <Filter>99. Headers</Filter>
    </ClCompile>
    <ClCompile Include="Scene.cpp" />
    <ClCompile Include="D2DRenderer.cpp">
      <Filter>Renderer</Filter>
    </ClCompile>
    <ClCompile Include="AABB.cpp">
      <Filter>Collider</Filter>
    </ClCompile>
  </ItemGroup>
</Project>